// !$*UTF8*$!
{
	archiveVersion = 1;
	classes = {
	};
	objectVersion = 70;
	objects = {

/* Begin PBXBuildFile section */
		110B2EB12E8A7C4000B5EA48 /* LoadingView.swift in Sources */ = {isa = PBXBuildFile; fileRef = 110B2EB02E8A7C3D00B5EA48 /* LoadingView.swift */; };
		1119711C2CC3B9CA00273BA6 /* EndView.swift in Sources */ = {isa = PBXBuildFile; fileRef = 1119711B2CC3B9CA00273BA6 /* EndView.swift */; };
		113005B02E87D92500570563 /* ExShadowFrame.swift in Sources */ = {isa = PBXBuildFile; fileRef = 113005AF2E87D91300570563 /* ExShadowFrame.swift */; };
		113412012CAFC0BE00CF4120 /* BoardView.swift in Sources */ = {isa = PBXBuildFile; fileRef = 113412002CAFC0BE00CF4120 /* BoardView.swift */; };
		1136DD972E82ABBB00B1209D /* LeaderBoardView.swift in Sources */ = {isa = PBXBuildFile; fileRef = 1136DD962E82ABBB00B1209D /* LeaderBoardView.swift */; };
		113841ED2E4B2AA300B2E404 /* ShrinkButtonModifier.swift in Sources */ = {isa = PBXBuildFile; fileRef = 113841EC2E4B2A9100B2E404 /* ShrinkButtonModifier.swift */; };
		115A0C792CBE659E00BA45B2 /* CategoryModel.swift in Sources */ = {isa = PBXBuildFile; fileRef = 115A0C782CBE659E00BA45B2 /* CategoryModel.swift */; };
		11665CDD2CBBB1CB00FC5D1C /* Dice.swift in Sources */ = {isa = PBXBuildFile; fileRef = 11665CDC2CBBB1CB00FC5D1C /* Dice.swift */; };
		11665CDF2CBBBF3200FC5D1C /* getDiceInfo.swift in Sources */ = {isa = PBXBuildFile; fileRef = 11665CDE2CBBBF3200FC5D1C /* getDiceInfo.swift */; };
		116A3E352E74182300C31D47 /* Player.swift in Sources */ = {isa = PBXBuildFile; fileRef = 116A3E342E74181800C31D47 /* Player.swift */; };
		116C27E02CCAB62B0057C193 /* DiceAnimationView.swift in Sources */ = {isa = PBXBuildFile; fileRef = 116C27DF2CCAB62B0057C193 /* DiceAnimationView.swift */; };
		117433092E9E2E8000D0BF98 /* AudioSwitchView.swift in Sources */ = {isa = PBXBuildFile; fileRef = 117433082E9E2E7400D0BF98 /* AudioSwitchView.swift */; };
		11777A1C2E8D515B00FE0E07 /* Yahtzee.xcdatamodeld in Sources */ = {isa = PBXBuildFile; fileRef = 11777A1A2E8D515B00FE0E07 /* Yahtzee.xcdatamodeld */; };
		11777A302E8D51C700FE0E07 /* Persistence.swift in Sources */ = {isa = PBXBuildFile; fileRef = 11777A2F2E8D51C600FE0E07 /* Persistence.swift */; };
		117AA7D92CC39A5D00CA9CEF /* ContentView.swift in Sources */ = {isa = PBXBuildFile; fileRef = 117AA7D82CC39A5D00CA9CEF /* ContentView.swift */; };
		1182F97C2CD4CBA100A5DD02 /* ContinueWindowView.swift in Sources */ = {isa = PBXBuildFile; fileRef = 1182F97B2CD4CBA100A5DD02 /* ContinueWindowView.swift */; };
		1185C49E2E7C970B00BD38D1 /* ShadowButtonModifier.swift in Sources */ = {isa = PBXBuildFile; fileRef = 1185C49D2E7C970000BD38D1 /* ShadowButtonModifier.swift */; };
		11880A9B2E82845100AF43CC /* DateModel.swift in Sources */ = {isa = PBXBuildFile; fileRef = 11880A9A2E82844000AF43CC /* DateModel.swift */; };
		11880A9D2E82994400AF43CC /* FirebaseModel.swift in Sources */ = {isa = PBXBuildFile; fileRef = 11880A9C2E82993700AF43CC /* FirebaseModel.swift */; };
		118D70472E755F4600587152 /* sampleusers.json in Resources */ = {isa = PBXBuildFile; fileRef = 118D70462E755F4600587152 /* sampleusers.json */; };
		118D70492E75601E00587152 /* FetchModel.swift in Sources */ = {isa = PBXBuildFile; fileRef = 118D70482E75601900587152 /* FetchModel.swift */; };
		118D704D2E7569DB00587152 /* FetchViewModel.swift in Sources */ = {isa = PBXBuildFile; fileRef = 118D704C2E7569D300587152 /* FetchViewModel.swift */; };
		118D70512E76D1E200587152 /* LeaderBoardBarView.swift in Sources */ = {isa = PBXBuildFile; fileRef = 118D70502E76D1E000587152 /* LeaderBoardBarView.swift */; };
		118DC90E2CC2AD75005E8419 /* GenerateInitialData.swift in Sources */ = {isa = PBXBuildFile; fileRef = 118DC90D2CC2AD75005E8419 /* GenerateInitialData.swift */; };
		1199C1C92E7D3B12003E3233 /* ChangeNameView.swift in Sources */ = {isa = PBXBuildFile; fileRef = 1199C1C82E7D3B0A003E3233 /* ChangeNameView.swift */; };
		119E9BBE2E8FBF9F00FA8B1D /* Launch Screen.storyboard in Resources */ = {isa = PBXBuildFile; fileRef = 119E9BBD2E8FBF9F00FA8B1D /* Launch Screen.storyboard */; };
		11A149422E816AFD00F9C2FA /* FirebaseAuth in Frameworks */ = {isa = PBXBuildFile; productRef = 11A149412E816AFD00F9C2FA /* FirebaseAuth */; };
		11A149442E816AFD00F9C2FA /* FirebaseCore in Frameworks */ = {isa = PBXBuildFile; productRef = 11A149432E816AFD00F9C2FA /* FirebaseCore */; };
		11A149462E816AFD00F9C2FA /* FirebaseFirestore in Frameworks */ = {isa = PBXBuildFile; productRef = 11A149452E816AFD00F9C2FA /* FirebaseFirestore */; };
		11A7ADB62CC24BB000C21782 /* AudioManager.swift in Sources */ = {isa = PBXBuildFile; fileRef = 11A7ADB52CC24BB000C21782 /* AudioManager.swift */; };
		11A7ADB92CC24C6800C21782 /* diceRoll.mp3 in Resources */ = {isa = PBXBuildFile; fileRef = 11A7ADB82CC24C6800C21782 /* diceRoll.mp3 */; };
		11A7ADBB2CC24E1100C21782 /* ButtonView.swift in Sources */ = {isa = PBXBuildFile; fileRef = 11A7ADBA2CC24E1100C21782 /* ButtonView.swift */; };
		11A7ADBF2CC2587C00C21782 /* GameData.swift in Sources */ = {isa = PBXBuildFile; fileRef = 11A7ADBE2CC2587C00C21782 /* GameData.swift */; };
		11A8E7B82CBA7210005B5E19 /* ScoreModel.swift in Sources */ = {isa = PBXBuildFile; fileRef = 11A8E7B72CBA7210005B5E19 /* ScoreModel.swift */; };
		11B4A6272CCFDCB300EBD59F /* ScoreBoard.swift in Sources */ = {isa = PBXBuildFile; fileRef = 11B4A6262CCFDCB300EBD59F /* ScoreBoard.swift */; };
		11B7ED082CBED9FF008A7CB1 /* SecondPanelView.swift in Sources */ = {isa = PBXBuildFile; fileRef = 11B7ED072CBED9FF008A7CB1 /* SecondPanelView.swift */; };
		11CCF33A2E49E73200613DFC /* Vortex in Frameworks */ = {isa = PBXBuildFile; productRef = 11CCF3392E49E73200613DFC /* Vortex */; };
		11D65BBB2EA2660A0001CCC5 /* GoogleService-Info.plist in Resources */ = {isa = PBXBuildFile; fileRef = 11D65BBA2EA2660A0001CCC5 /* GoogleService-Info.plist */; };
		11D6C2F32CB28285001F6CE9 /* PanelRowView.swift in Sources */ = {isa = PBXBuildFile; fileRef = 11D6C2F22CB28285001F6CE9 /* PanelRowView.swift */; };
		11D6C2F72CB2A1F8001F6CE9 /* DiceRowView.swift in Sources */ = {isa = PBXBuildFile; fileRef = 11D6C2F62CB2A1F8001F6CE9 /* DiceRowView.swift */; };
		11D8261A2CAFC9BF005228CC /* ExColor.swift in Sources */ = {isa = PBXBuildFile; fileRef = 11D826192CAFC9BF005228CC /* ExColor.swift */; };
		11E32D112CF702F80072F280 /* PenObject.swift in Sources */ = {isa = PBXBuildFile; fileRef = 11E32D102CF702F80072F280 /* PenObject.swift */; };
		11E7DD0F2CAE992400E8B298 /* YahtzeeAnimateView.swift in Sources */ = {isa = PBXBuildFile; fileRef = 11E7DD0E2CAE992400E8B298 /* YahtzeeAnimateView.swift */; };
		11E931D82CB67EBF0023D2BF /* AddUpView.swift in Sources */ = {isa = PBXBuildFile; fileRef = 11E931D72CB67EBF0023D2BF /* AddUpView.swift */; };
		11EACDAF2E27DCF60061AFD3 /* Router.swift in Sources */ = {isa = PBXBuildFile; fileRef = 11EACDAE2E27DCF60061AFD3 /* Router.swift */; };
		11EED8D52CA959350096CCA7 /* YahtzeeApp.swift in Sources */ = {isa = PBXBuildFile; fileRef = 11EED8D42CA959350096CCA7 /* YahtzeeApp.swift */; };
		11EED8D72CA959350096CCA7 /* GameTableView.swift in Sources */ = {isa = PBXBuildFile; fileRef = 11EED8D62CA959350096CCA7 /* GameTableView.swift */; };
		11EED8D92CA959360096CCA7 /* Assets.xcassets in Resources */ = {isa = PBXBuildFile; fileRef = 11EED8D82CA959360096CCA7 /* Assets.xcassets */; };
		11F9D5442E2A795600615115 /* ButtonViewModel.swift in Sources */ = {isa = PBXBuildFile; fileRef = 11F9D5432E2A794F00615115 /* ButtonViewModel.swift */; };
		11FC498E2E48AA9200686175 /* PanelBackgroundView.swift in Sources */ = {isa = PBXBuildFile; fileRef = 11FC498D2E48AA9100686175 /* PanelBackgroundView.swift */; };
/* End PBXBuildFile section */

/* Begin PBXContainerItemProxy section */
		113006202E894E4300570563 /* PBXContainerItemProxy */ = {
			isa = PBXContainerItemProxy;
			containerPortal = 11EED8C92CA959350096CCA7 /* Project object */;
			proxyType = 1;
			remoteGlobalIDString = 11EED8D02CA959350096CCA7;
			remoteInfo = Yahtzee;
		};
/* End PBXContainerItemProxy section */

/* Begin PBXFileReference section */
		110B2EB02E8A7C3D00B5EA48 /* LoadingView.swift */ = {isa = PBXFileReference; lastKnownFileType = sourcecode.swift; path = LoadingView.swift; sourceTree = "<group>"; };
		1119711B2CC3B9CA00273BA6 /* EndView.swift */ = {isa = PBXFileReference; lastKnownFileType = sourcecode.swift; path = EndView.swift; sourceTree = "<group>"; };
		113005AF2E87D91300570563 /* ExShadowFrame.swift */ = {isa = PBXFileReference; lastKnownFileType = sourcecode.swift; path = ExShadowFrame.swift; sourceTree = "<group>"; };
		1130061C2E894E4300570563 /* YahtzeeTests.xctest */ = {isa = PBXFileReference; explicitFileType = wrapper.cfbundle; includeInIndex = 0; path = YahtzeeTests.xctest; sourceTree = BUILT_PRODUCTS_DIR; };
		113412002CAFC0BE00CF4120 /* BoardView.swift */ = {isa = PBXFileReference; lastKnownFileType = sourcecode.swift; path = BoardView.swift; sourceTree = "<group>"; };
		1136DD962E82ABBB00B1209D /* LeaderBoardView.swift */ = {isa = PBXFileReference; lastKnownFileType = sourcecode.swift; path = LeaderBoardView.swift; sourceTree = "<group>"; };
		113841EC2E4B2A9100B2E404 /* ShrinkButtonModifier.swift */ = {isa = PBXFileReference; lastKnownFileType = sourcecode.swift; path = ShrinkButtonModifier.swift; sourceTree = "<group>"; };
		115A0C782CBE659E00BA45B2 /* CategoryModel.swift */ = {isa = PBXFileReference; lastKnownFileType = sourcecode.swift; path = CategoryModel.swift; sourceTree = "<group>"; };
		11665CDC2CBBB1CB00FC5D1C /* Dice.swift */ = {isa = PBXFileReference; lastKnownFileType = sourcecode.swift; path = Dice.swift; sourceTree = "<group>"; };
		11665CDE2CBBBF3200FC5D1C /* getDiceInfo.swift */ = {isa = PBXFileReference; lastKnownFileType = sourcecode.swift; path = getDiceInfo.swift; sourceTree = "<group>"; };
		116A3E342E74181800C31D47 /* Player.swift */ = {isa = PBXFileReference; lastKnownFileType = sourcecode.swift; path = Player.swift; sourceTree = "<group>"; };
		116C27DF2CCAB62B0057C193 /* DiceAnimationView.swift */ = {isa = PBXFileReference; lastKnownFileType = sourcecode.swift; path = DiceAnimationView.swift; sourceTree = "<group>"; };
		117433082E9E2E7400D0BF98 /* AudioSwitchView.swift */ = {isa = PBXFileReference; lastKnownFileType = sourcecode.swift; path = AudioSwitchView.swift; sourceTree = "<group>"; };
		11777A1B2E8D515B00FE0E07 /* Yahtzee.xcdatamodel */ = {isa = PBXFileReference; lastKnownFileType = wrapper.xcdatamodel; path = Yahtzee.xcdatamodel; sourceTree = "<group>"; };
		11777A2F2E8D51C600FE0E07 /* Persistence.swift */ = {isa = PBXFileReference; lastKnownFileType = sourcecode.swift; path = Persistence.swift; sourceTree = "<group>"; };
		117AA7D82CC39A5D00CA9CEF /* ContentView.swift */ = {isa = PBXFileReference; lastKnownFileType = sourcecode.swift; path = ContentView.swift; sourceTree = "<group>"; };
		1182F97B2CD4CBA100A5DD02 /* ContinueWindowView.swift */ = {isa = PBXFileReference; lastKnownFileType = sourcecode.swift; path = ContinueWindowView.swift; sourceTree = "<group>"; };
		1185C49D2E7C970000BD38D1 /* ShadowButtonModifier.swift */ = {isa = PBXFileReference; lastKnownFileType = sourcecode.swift; path = ShadowButtonModifier.swift; sourceTree = "<group>"; };
		11880A9A2E82844000AF43CC /* DateModel.swift */ = {isa = PBXFileReference; lastKnownFileType = sourcecode.swift; path = DateModel.swift; sourceTree = "<group>"; };
		11880A9C2E82993700AF43CC /* FirebaseModel.swift */ = {isa = PBXFileReference; lastKnownFileType = sourcecode.swift; path = FirebaseModel.swift; sourceTree = "<group>"; };
		118D70462E755F4600587152 /* sampleusers.json */ = {isa = PBXFileReference; lastKnownFileType = text.json; path = sampleusers.json; sourceTree = "<group>"; };
		118D70482E75601900587152 /* FetchModel.swift */ = {isa = PBXFileReference; lastKnownFileType = sourcecode.swift; path = FetchModel.swift; sourceTree = "<group>"; };
		118D704C2E7569D300587152 /* FetchViewModel.swift */ = {isa = PBXFileReference; lastKnownFileType = sourcecode.swift; path = FetchViewModel.swift; sourceTree = "<group>"; };
		118D70502E76D1E000587152 /* LeaderBoardBarView.swift */ = {isa = PBXFileReference; lastKnownFileType = sourcecode.swift; path = LeaderBoardBarView.swift; sourceTree = "<group>"; };
		118DC90D2CC2AD75005E8419 /* GenerateInitialData.swift */ = {isa = PBXFileReference; lastKnownFileType = sourcecode.swift; path = GenerateInitialData.swift; sourceTree = "<group>"; };
		1199C1C82E7D3B0A003E3233 /* ChangeNameView.swift */ = {isa = PBXFileReference; lastKnownFileType = sourcecode.swift; path = ChangeNameView.swift; sourceTree = "<group>"; };
		119E9BBD2E8FBF9F00FA8B1D /* Launch Screen.storyboard */ = {isa = PBXFileReference; lastKnownFileType = file.storyboard; path = "Launch Screen.storyboard"; sourceTree = "<group>"; };
		11A7ADB52CC24BB000C21782 /* AudioManager.swift */ = {isa = PBXFileReference; lastKnownFileType = sourcecode.swift; path = AudioManager.swift; sourceTree = "<group>"; };
		11A7ADB82CC24C6800C21782 /* diceRoll.mp3 */ = {isa = PBXFileReference; lastKnownFileType = audio.mp3; path = diceRoll.mp3; sourceTree = "<group>"; };
		11A7ADBA2CC24E1100C21782 /* ButtonView.swift */ = {isa = PBXFileReference; fileEncoding = 4; lastKnownFileType = sourcecode.swift; path = ButtonView.swift; sourceTree = "<group>"; };
		11A7ADBE2CC2587C00C21782 /* GameData.swift */ = {isa = PBXFileReference; lastKnownFileType = sourcecode.swift; path = GameData.swift; sourceTree = "<group>"; };
		11A8E7B72CBA7210005B5E19 /* ScoreModel.swift */ = {isa = PBXFileReference; lastKnownFileType = sourcecode.swift; path = ScoreModel.swift; sourceTree = "<group>"; };
		11B4A6262CCFDCB300EBD59F /* ScoreBoard.swift */ = {isa = PBXFileReference; lastKnownFileType = sourcecode.swift; path = ScoreBoard.swift; sourceTree = "<group>"; };
		11B7ED072CBED9FF008A7CB1 /* SecondPanelView.swift */ = {isa = PBXFileReference; lastKnownFileType = sourcecode.swift; path = SecondPanelView.swift; sourceTree = "<group>"; };
		11D65BBA2EA2660A0001CCC5 /* GoogleService-Info.plist */ = {isa = PBXFileReference; lastKnownFileType = text.plist.xml; path = "GoogleService-Info.plist"; sourceTree = "<group>"; };
		11D6C2F22CB28285001F6CE9 /* PanelRowView.swift */ = {isa = PBXFileReference; lastKnownFileType = sourcecode.swift; path = PanelRowView.swift; sourceTree = "<group>"; };
		11D6C2F62CB2A1F8001F6CE9 /* DiceRowView.swift */ = {isa = PBXFileReference; lastKnownFileType = sourcecode.swift; path = DiceRowView.swift; sourceTree = "<group>"; };
		11D826192CAFC9BF005228CC /* ExColor.swift */ = {isa = PBXFileReference; fileEncoding = 4; lastKnownFileType = sourcecode.swift; path = ExColor.swift; sourceTree = "<group>"; };
		11E32D102CF702F80072F280 /* PenObject.swift */ = {isa = PBXFileReference; lastKnownFileType = sourcecode.swift; path = PenObject.swift; sourceTree = "<group>"; };
		11E7DD0E2CAE992400E8B298 /* YahtzeeAnimateView.swift */ = {isa = PBXFileReference; lastKnownFileType = sourcecode.swift; path = YahtzeeAnimateView.swift; sourceTree = "<group>"; };
		11E931D72CB67EBF0023D2BF /* AddUpView.swift */ = {isa = PBXFileReference; lastKnownFileType = sourcecode.swift; path = AddUpView.swift; sourceTree = "<group>"; };
		11EACDAE2E27DCF60061AFD3 /* Router.swift */ = {isa = PBXFileReference; lastKnownFileType = sourcecode.swift; path = Router.swift; sourceTree = "<group>"; };
		11EED8D12CA959350096CCA7 /* Yahtzee.app */ = {isa = PBXFileReference; explicitFileType = wrapper.application; includeInIndex = 0; path = Yahtzee.app; sourceTree = BUILT_PRODUCTS_DIR; };
		11EED8D42CA959350096CCA7 /* YahtzeeApp.swift */ = {isa = PBXFileReference; lastKnownFileType = sourcecode.swift; path = YahtzeeApp.swift; sourceTree = "<group>"; };
		11EED8D62CA959350096CCA7 /* GameTableView.swift */ = {isa = PBXFileReference; lastKnownFileType = sourcecode.swift; path = GameTableView.swift; sourceTree = "<group>"; };
		11EED8D82CA959360096CCA7 /* Assets.xcassets */ = {isa = PBXFileReference; lastKnownFileType = folder.assetcatalog; path = Assets.xcassets; sourceTree = "<group>"; };
		11F9D5432E2A794F00615115 /* ButtonViewModel.swift */ = {isa = PBXFileReference; lastKnownFileType = sourcecode.swift; path = ButtonViewModel.swift; sourceTree = "<group>"; };
		11FC498D2E48AA9100686175 /* PanelBackgroundView.swift */ = {isa = PBXFileReference; lastKnownFileType = sourcecode.swift; path = PanelBackgroundView.swift; sourceTree = "<group>"; };
/* End PBXFileReference section */

/* Begin PBXFileSystemSynchronizedRootGroup section */
		1130061D2E894E4300570563 /* YahtzeeTests */ = {isa = PBXFileSystemSynchronizedRootGroup; explicitFileTypes = {}; explicitFolders = (); path = YahtzeeTests; sourceTree = "<group>"; };
/* End PBXFileSystemSynchronizedRootGroup section */

/* Begin PBXFrameworksBuildPhase section */
		113006192E894E4300570563 /* Frameworks */ = {
			isa = PBXFrameworksBuildPhase;
			buildActionMask = 2147483647;
			files = (
			);
			runOnlyForDeploymentPostprocessing = 0;
		};
		11EED8CE2CA959350096CCA7 /* Frameworks */ = {
			isa = PBXFrameworksBuildPhase;
			buildActionMask = 2147483647;
			files = (
				11CCF33A2E49E73200613DFC /* Vortex in Frameworks */,
				11A149462E816AFD00F9C2FA /* FirebaseFirestore in Frameworks */,
				11A149442E816AFD00F9C2FA /* FirebaseCore in Frameworks */,
				11A149422E816AFD00F9C2FA /* FirebaseAuth in Frameworks */,
			);
			runOnlyForDeploymentPostprocessing = 0;
		};
/* End PBXFrameworksBuildPhase section */

/* Begin PBXGroup section */
		113412082CAFC37800CF4120 /* View */ = {
			isa = PBXGroup;
			children = (
				117AA7D82CC39A5D00CA9CEF /* ContentView.swift */,
				1199C1C82E7D3B0A003E3233 /* ChangeNameView.swift */,
				117433082E9E2E7400D0BF98 /* AudioSwitchView.swift */,
				116C27DF2CCAB62B0057C193 /* DiceAnimationView.swift */,
				1182F97B2CD4CBA100A5DD02 /* ContinueWindowView.swift */,
				1136DD962E82ABBB00B1209D /* LeaderBoardView.swift */,
				118D70502E76D1E000587152 /* LeaderBoardBarView.swift */,
				110B2EB02E8A7C3D00B5EA48 /* LoadingView.swift */,
				11EED8D62CA959350096CCA7 /* GameTableView.swift */,
				113412002CAFC0BE00CF4120 /* BoardView.swift */,
				11D6C2F22CB28285001F6CE9 /* PanelRowView.swift */,
				11B7ED072CBED9FF008A7CB1 /* SecondPanelView.swift */,
				11E931D72CB67EBF0023D2BF /* AddUpView.swift */,
				11FC498D2E48AA9100686175 /* PanelBackgroundView.swift */,
				11D6C2F62CB2A1F8001F6CE9 /* DiceRowView.swift */,
				11A7ADBA2CC24E1100C21782 /* ButtonView.swift */,
				11E7DD0E2CAE992400E8B298 /* YahtzeeAnimateView.swift */,
				1119711B2CC3B9CA00273BA6 /* EndView.swift */,
			);
			path = View;
			sourceTree = "<group>";
		};
		113412102CAFC74200CF4120 /* Model */ = {
			isa = PBXGroup;
			children = (
				11A7ADBE2CC2587C00C21782 /* GameData.swift */,
				11B4A6262CCFDCB300EBD59F /* ScoreBoard.swift */,
				11665CDC2CBBB1CB00FC5D1C /* Dice.swift */,
				118DC90D2CC2AD75005E8419 /* GenerateInitialData.swift */,
				11A8E7B72CBA7210005B5E19 /* ScoreModel.swift */,
				115A0C782CBE659E00BA45B2 /* CategoryModel.swift */,
				118D70482E75601900587152 /* FetchModel.swift */,
				116A3E342E74181800C31D47 /* Player.swift */,
				11880A9A2E82844000AF43CC /* DateModel.swift */,
				11880A9C2E82993700AF43CC /* FirebaseModel.swift */,
				11777A1A2E8D515B00FE0E07 /* Yahtzee.xcdatamodeld */,
				11777A2F2E8D51C600FE0E07 /* Persistence.swift */,
			);
			path = Model;
			sourceTree = "<group>";
		};
		113841EB2E4B2A7700B2E404 /* Modifier */ = {
			isa = PBXGroup;
			children = (
				1185C49D2E7C970000BD38D1 /* ShadowButtonModifier.swift */,
				113841EC2E4B2A9100B2E404 /* ShrinkButtonModifier.swift */,
			);
			path = Modifier;
			sourceTree = "<group>";
		};
		118D70452E755F2E00587152 /* SampleData */ = {
			isa = PBXGroup;
			children = (
				118D70462E755F4600587152 /* sampleusers.json */,
			);
			path = SampleData;
			sourceTree = "<group>";
		};
		11A7ADB72CC24C4800C21782 /* Sound */ = {
			isa = PBXGroup;
			children = (
				11A7ADB82CC24C6800C21782 /* diceRoll.mp3 */,
			);
			path = Sound;
			sourceTree = "<group>";
		};
		11B7ED092CBEE383008A7CB1 /* Utility */ = {
			isa = PBXGroup;
			children = (
				11A7ADB52CC24BB000C21782 /* AudioManager.swift */,
			);
			path = Utility;
			sourceTree = "<group>";
		};
		11D8261B2CAFC9C7005228CC /* Extension */ = {
			isa = PBXGroup;
			children = (
				11D826192CAFC9BF005228CC /* ExColor.swift */,
				113005AF2E87D91300570563 /* ExShadowFrame.swift */,
				11665CDE2CBBBF3200FC5D1C /* getDiceInfo.swift */,
			);
			path = Extension;
			sourceTree = "<group>";
		};
		11EED8C82CA959350096CCA7 = {
			isa = PBXGroup;
			children = (
				11EED8D32CA959350096CCA7 /* Yahtzee */,
				1130061D2E894E4300570563 /* YahtzeeTests */,
				11EED8D22CA959350096CCA7 /* Products */,
			);
			sourceTree = "<group>";
		};
		11EED8D22CA959350096CCA7 /* Products */ = {
			isa = PBXGroup;
			children = (
				11EED8D12CA959350096CCA7 /* Yahtzee.app */,
				1130061C2E894E4300570563 /* YahtzeeTests.xctest */,
			);
			name = Products;
			sourceTree = "<group>";
		};
		11EED8D32CA959350096CCA7 /* Yahtzee */ = {
			isa = PBXGroup;
			children = (
				11EED8D42CA959350096CCA7 /* YahtzeeApp.swift */,
				113412082CAFC37800CF4120 /* View */,
				11F9D5402E2A45FC00615115 /* ViewModel */,
				113412102CAFC74200CF4120 /* Model */,
				118D70452E755F2E00587152 /* SampleData */,
				113841EB2E4B2A7700B2E404 /* Modifier */,
				11D8261B2CAFC9C7005228CC /* Extension */,
				11B7ED092CBEE383008A7CB1 /* Utility */,
				11A7ADB72CC24C4800C21782 /* Sound */,
				11EED8D82CA959360096CCA7 /* Assets.xcassets */,
				119E9BBD2E8FBF9F00FA8B1D /* Launch Screen.storyboard */,
				11D65BBA2EA2660A0001CCC5 /* GoogleService-Info.plist */,
			);
			path = Yahtzee;
			sourceTree = "<group>";
		};
		11F9D5402E2A45FC00615115 /* ViewModel */ = {
			isa = PBXGroup;
			children = (
				11F9D5432E2A794F00615115 /* ButtonViewModel.swift */,
				118D704C2E7569D300587152 /* FetchViewModel.swift */,
				11EACDAE2E27DCF60061AFD3 /* Router.swift */,
				11E32D102CF702F80072F280 /* PenObject.swift */,
			);
			path = ViewModel;
			sourceTree = "<group>";
		};
/* End PBXGroup section */

/* Begin PBXNativeTarget section */
		1130061B2E894E4300570563 /* YahtzeeTests */ = {
			isa = PBXNativeTarget;
			buildConfigurationList = 113006222E894E4300570563 /* Build configuration list for PBXNativeTarget "YahtzeeTests" */;
			buildPhases = (
				113006182E894E4300570563 /* Sources */,
				113006192E894E4300570563 /* Frameworks */,
				1130061A2E894E4300570563 /* Resources */,
			);
			buildRules = (
			);
			dependencies = (
				113006212E894E4300570563 /* PBXTargetDependency */,
			);
			fileSystemSynchronizedGroups = (
				1130061D2E894E4300570563 /* YahtzeeTests */,
			);
			name = YahtzeeTests;
			packageProductDependencies = (
			);
			productName = YahtzeeTests;
			productReference = 1130061C2E894E4300570563 /* YahtzeeTests.xctest */;
			productType = "com.apple.product-type.bundle.unit-test";
		};
		11EED8D02CA959350096CCA7 /* Yahtzee */ = {
			isa = PBXNativeTarget;
			buildConfigurationList = 11EED8DF2CA959360096CCA7 /* Build configuration list for PBXNativeTarget "Yahtzee" */;
			buildPhases = (
				11EED8CD2CA959350096CCA7 /* Sources */,
				11EED8CE2CA959350096CCA7 /* Frameworks */,
				11EED8CF2CA959350096CCA7 /* Resources */,
			);
			buildRules = (
			);
			dependencies = (
			);
			name = Yahtzee;
			productName = Yahtzee;
			productReference = 11EED8D12CA959350096CCA7 /* Yahtzee.app */;
			productType = "com.apple.product-type.application";
		};
/* End PBXNativeTarget section */

/* Begin PBXProject section */
		11EED8C92CA959350096CCA7 /* Project object */ = {
			isa = PBXProject;
			attributes = {
				BuildIndependentTargetsInParallel = 1;
				LastSwiftUpdateCheck = 1620;
				LastUpgradeCheck = 1620;
				TargetAttributes = {
					1130061B2E894E4300570563 = {
						CreatedOnToolsVersion = 16.2;
						TestTargetID = 11EED8D02CA959350096CCA7;
					};
					11EED8D02CA959350096CCA7 = {
						CreatedOnToolsVersion = 15.4;
					};
				};
			};
			buildConfigurationList = 11EED8CC2CA959350096CCA7 /* Build configuration list for PBXProject "Yahtzee" */;
			compatibilityVersion = "Xcode 14.0";
			developmentRegion = en;
			hasScannedForEncodings = 0;
			knownRegions = (
				en,
				Base,
			);
			mainGroup = 11EED8C82CA959350096CCA7;
			packageReferences = (
				11CCF3382E49E73200613DFC /* XCRemoteSwiftPackageReference "Vortex" */,
				11A149402E8167EA00F9C2FA /* XCRemoteSwiftPackageReference "firebase-ios-sdk" */,
			);
			productRefGroup = 11EED8D22CA959350096CCA7 /* Products */;
			projectDirPath = "";
			projectRoot = "";
			targets = (
				11EED8D02CA959350096CCA7 /* Yahtzee */,
				1130061B2E894E4300570563 /* YahtzeeTests */,
			);
		};
/* End PBXProject section */

/* Begin PBXResourcesBuildPhase section */
		1130061A2E894E4300570563 /* Resources */ = {
			isa = PBXResourcesBuildPhase;
			buildActionMask = 2147483647;
			files = (
			);
			runOnlyForDeploymentPostprocessing = 0;
		};
		11EED8CF2CA959350096CCA7 /* Resources */ = {
			isa = PBXResourcesBuildPhase;
			buildActionMask = 2147483647;
			files = (
				11A7ADB92CC24C6800C21782 /* diceRoll.mp3 in Resources */,
				118D70472E755F4600587152 /* sampleusers.json in Resources */,
				11D65BBB2EA2660A0001CCC5 /* GoogleService-Info.plist in Resources */,
				119E9BBE2E8FBF9F00FA8B1D /* Launch Screen.storyboard in Resources */,
				11EED8D92CA959360096CCA7 /* Assets.xcassets in Resources */,
			);
			runOnlyForDeploymentPostprocessing = 0;
		};
/* End PBXResourcesBuildPhase section */

/* Begin PBXSourcesBuildPhase section */
		113006182E894E4300570563 /* Sources */ = {
			isa = PBXSourcesBuildPhase;
			buildActionMask = 2147483647;
			files = (
			);
			runOnlyForDeploymentPostprocessing = 0;
		};
		11EED8CD2CA959350096CCA7 /* Sources */ = {
			isa = PBXSourcesBuildPhase;
			buildActionMask = 2147483647;
			files = (
				1119711C2CC3B9CA00273BA6 /* EndView.swift in Sources */,
				117433092E9E2E8000D0BF98 /* AudioSwitchView.swift in Sources */,
				11665CDF2CBBBF3200FC5D1C /* getDiceInfo.swift in Sources */,
				113005B02E87D92500570563 /* ExShadowFrame.swift in Sources */,
				11777A302E8D51C700FE0E07 /* Persistence.swift in Sources */,
				11FC498E2E48AA9200686175 /* PanelBackgroundView.swift in Sources */,
				1136DD972E82ABBB00B1209D /* LeaderBoardView.swift in Sources */,
				11EED8D72CA959350096CCA7 /* GameTableView.swift in Sources */,
				116A3E352E74182300C31D47 /* Player.swift in Sources */,
				118DC90E2CC2AD75005E8419 /* GenerateInitialData.swift in Sources */,
				113412012CAFC0BE00CF4120 /* BoardView.swift in Sources */,
				116C27E02CCAB62B0057C193 /* DiceAnimationView.swift in Sources */,
				118D70492E75601E00587152 /* FetchModel.swift in Sources */,
				1199C1C92E7D3B12003E3233 /* ChangeNameView.swift in Sources */,
				11F9D5442E2A795600615115 /* ButtonViewModel.swift in Sources */,
				110B2EB12E8A7C4000B5EA48 /* LoadingView.swift in Sources */,
				11E931D82CB67EBF0023D2BF /* AddUpView.swift in Sources */,
				11665CDD2CBBB1CB00FC5D1C /* Dice.swift in Sources */,
				11D6C2F32CB28285001F6CE9 /* PanelRowView.swift in Sources */,
				11B7ED082CBED9FF008A7CB1 /* SecondPanelView.swift in Sources */,
				118D704D2E7569DB00587152 /* FetchViewModel.swift in Sources */,
				11A7ADBB2CC24E1100C21782 /* ButtonView.swift in Sources */,
				1185C49E2E7C970B00BD38D1 /* ShadowButtonModifier.swift in Sources */,
				11A7ADB62CC24BB000C21782 /* AudioManager.swift in Sources */,
				1182F97C2CD4CBA100A5DD02 /* ContinueWindowView.swift in Sources */,
				11EED8D52CA959350096CCA7 /* YahtzeeApp.swift in Sources */,
				11E7DD0F2CAE992400E8B298 /* YahtzeeAnimateView.swift in Sources */,
				11E32D112CF702F80072F280 /* PenObject.swift in Sources */,
				11777A1C2E8D515B00FE0E07 /* Yahtzee.xcdatamodeld in Sources */,
				11B4A6272CCFDCB300EBD59F /* ScoreBoard.swift in Sources */,
				113841ED2E4B2AA300B2E404 /* ShrinkButtonModifier.swift in Sources */,
				11D6C2F72CB2A1F8001F6CE9 /* DiceRowView.swift in Sources */,
				11880A9D2E82994400AF43CC /* FirebaseModel.swift in Sources */,
				117AA7D92CC39A5D00CA9CEF /* ContentView.swift in Sources */,
				11D8261A2CAFC9BF005228CC /* ExColor.swift in Sources */,
				118D70512E76D1E200587152 /* LeaderBoardBarView.swift in Sources */,
				115A0C792CBE659E00BA45B2 /* CategoryModel.swift in Sources */,
				11A8E7B82CBA7210005B5E19 /* ScoreModel.swift in Sources */,
				11EACDAF2E27DCF60061AFD3 /* Router.swift in Sources */,
				11880A9B2E82845100AF43CC /* DateModel.swift in Sources */,
				11A7ADBF2CC2587C00C21782 /* GameData.swift in Sources */,
			);
			runOnlyForDeploymentPostprocessing = 0;
		};
/* End PBXSourcesBuildPhase section */

/* Begin PBXTargetDependency section */
		113006212E894E4300570563 /* PBXTargetDependency */ = {
			isa = PBXTargetDependency;
			target = 11EED8D02CA959350096CCA7 /* Yahtzee */;
			targetProxy = 113006202E894E4300570563 /* PBXContainerItemProxy */;
		};
/* End PBXTargetDependency section */

/* Begin XCBuildConfiguration section */
		113006232E894E4300570563 /* Debug */ = {
			isa = XCBuildConfiguration;
			buildSettings = {
				BUNDLE_LOADER = "$(TEST_HOST)";
				CODE_SIGN_STYLE = Automatic;
				CURRENT_PROJECT_VERSION = 1;
				DEVELOPMENT_TEAM = WBC4T5V7CF;
				GENERATE_INFOPLIST_FILE = YES;
				IPHONEOS_DEPLOYMENT_TARGET = 18.2;
				MARKETING_VERSION = 1.0;
				PRODUCT_BUNDLE_IDENTIFIER = "com.Chiak-Kuo-Chen.YahtzeeTests";
				PRODUCT_NAME = "$(TARGET_NAME)";
				SWIFT_EMIT_LOC_STRINGS = NO;
				SWIFT_VERSION = 5.0;
				TARGETED_DEVICE_FAMILY = "1,2";
				TEST_HOST = "$(BUILT_PRODUCTS_DIR)/Yahtzee.app/$(BUNDLE_EXECUTABLE_FOLDER_PATH)/Yahtzee";
			};
			name = Debug;
		};
		113006242E894E4300570563 /* Release */ = {
			isa = XCBuildConfiguration;
			buildSettings = {
				BUNDLE_LOADER = "$(TEST_HOST)";
				CODE_SIGN_STYLE = Automatic;
				CURRENT_PROJECT_VERSION = 1;
				DEVELOPMENT_TEAM = WBC4T5V7CF;
				GENERATE_INFOPLIST_FILE = YES;
				IPHONEOS_DEPLOYMENT_TARGET = 18.2;
				MARKETING_VERSION = 1.0;
				PRODUCT_BUNDLE_IDENTIFIER = "com.Chiak-Kuo-Chen.YahtzeeTests";
				PRODUCT_NAME = "$(TARGET_NAME)";
				SWIFT_EMIT_LOC_STRINGS = NO;
				SWIFT_VERSION = 5.0;
				TARGETED_DEVICE_FAMILY = "1,2";
				TEST_HOST = "$(BUILT_PRODUCTS_DIR)/Yahtzee.app/$(BUNDLE_EXECUTABLE_FOLDER_PATH)/Yahtzee";
			};
			name = Release;
		};
		11EED8DD2CA959360096CCA7 /* Debug */ = {
			isa = XCBuildConfiguration;
			buildSettings = {
				ALWAYS_SEARCH_USER_PATHS = NO;
				ASSETCATALOG_COMPILER_GENERATE_SWIFT_ASSET_SYMBOL_EXTENSIONS = YES;
				CLANG_ANALYZER_NONNULL = YES;
				CLANG_ANALYZER_NUMBER_OBJECT_CONVERSION = YES_AGGRESSIVE;
				CLANG_CXX_LANGUAGE_STANDARD = "gnu++20";
				CLANG_ENABLE_MODULES = YES;
				CLANG_ENABLE_OBJC_ARC = YES;
				CLANG_ENABLE_OBJC_WEAK = YES;
				CLANG_WARN_BLOCK_CAPTURE_AUTORELEASING = YES;
				CLANG_WARN_BOOL_CONVERSION = YES;
				CLANG_WARN_COMMA = YES;
				CLANG_WARN_CONSTANT_CONVERSION = YES;
				CLANG_WARN_DEPRECATED_OBJC_IMPLEMENTATIONS = YES;
				CLANG_WARN_DIRECT_OBJC_ISA_USAGE = YES_ERROR;
				CLANG_WARN_DOCUMENTATION_COMMENTS = YES;
				CLANG_WARN_EMPTY_BODY = YES;
				CLANG_WARN_ENUM_CONVERSION = YES;
				CLANG_WARN_INFINITE_RECURSION = YES;
				CLANG_WARN_INT_CONVERSION = YES;
				CLANG_WARN_NON_LITERAL_NULL_CONVERSION = YES;
				CLANG_WARN_OBJC_IMPLICIT_RETAIN_SELF = YES;
				CLANG_WARN_OBJC_LITERAL_CONVERSION = YES;
				CLANG_WARN_OBJC_ROOT_CLASS = YES_ERROR;
				CLANG_WARN_QUOTED_INCLUDE_IN_FRAMEWORK_HEADER = YES;
				CLANG_WARN_RANGE_LOOP_ANALYSIS = YES;
				CLANG_WARN_STRICT_PROTOTYPES = YES;
				CLANG_WARN_SUSPICIOUS_MOVE = YES;
				CLANG_WARN_UNGUARDED_AVAILABILITY = YES_AGGRESSIVE;
				CLANG_WARN_UNREACHABLE_CODE = YES;
				CLANG_WARN__DUPLICATE_METHOD_MATCH = YES;
				COPY_PHASE_STRIP = NO;
				DEBUG_INFORMATION_FORMAT = dwarf;
				ENABLE_STRICT_OBJC_MSGSEND = YES;
				ENABLE_TESTABILITY = YES;
				ENABLE_USER_SCRIPT_SANDBOXING = YES;
				GCC_C_LANGUAGE_STANDARD = gnu17;
				GCC_DYNAMIC_NO_PIC = NO;
				GCC_NO_COMMON_BLOCKS = YES;
				GCC_OPTIMIZATION_LEVEL = 0;
				GCC_PREPROCESSOR_DEFINITIONS = (
					"DEBUG=1",
					"$(inherited)",
				);
				GCC_WARN_64_TO_32_BIT_CONVERSION = YES;
				GCC_WARN_ABOUT_RETURN_TYPE = YES_ERROR;
				GCC_WARN_UNDECLARED_SELECTOR = YES;
				GCC_WARN_UNINITIALIZED_AUTOS = YES_AGGRESSIVE;
				GCC_WARN_UNUSED_FUNCTION = YES;
				GCC_WARN_UNUSED_VARIABLE = YES;
				IPHONEOS_DEPLOYMENT_TARGET = 17.5;
				LOCALIZATION_PREFERS_STRING_CATALOGS = YES;
				MTL_ENABLE_DEBUG_INFO = INCLUDE_SOURCE;
				MTL_FAST_MATH = YES;
				ONLY_ACTIVE_ARCH = YES;
				SDKROOT = iphoneos;
				SWIFT_ACTIVE_COMPILATION_CONDITIONS = "DEBUG $(inherited)";
				SWIFT_OPTIMIZATION_LEVEL = "-Onone";
			};
			name = Debug;
		};
		11EED8DE2CA959360096CCA7 /* Release */ = {
			isa = XCBuildConfiguration;
			buildSettings = {
				ALWAYS_SEARCH_USER_PATHS = NO;
				ASSETCATALOG_COMPILER_GENERATE_SWIFT_ASSET_SYMBOL_EXTENSIONS = YES;
				CLANG_ANALYZER_NONNULL = YES;
				CLANG_ANALYZER_NUMBER_OBJECT_CONVERSION = YES_AGGRESSIVE;
				CLANG_CXX_LANGUAGE_STANDARD = "gnu++20";
				CLANG_ENABLE_MODULES = YES;
				CLANG_ENABLE_OBJC_ARC = YES;
				CLANG_ENABLE_OBJC_WEAK = YES;
				CLANG_WARN_BLOCK_CAPTURE_AUTORELEASING = YES;
				CLANG_WARN_BOOL_CONVERSION = YES;
				CLANG_WARN_COMMA = YES;
				CLANG_WARN_CONSTANT_CONVERSION = YES;
				CLANG_WARN_DEPRECATED_OBJC_IMPLEMENTATIONS = YES;
				CLANG_WARN_DIRECT_OBJC_ISA_USAGE = YES_ERROR;
				CLANG_WARN_DOCUMENTATION_COMMENTS = YES;
				CLANG_WARN_EMPTY_BODY = YES;
				CLANG_WARN_ENUM_CONVERSION = YES;
				CLANG_WARN_INFINITE_RECURSION = YES;
				CLANG_WARN_INT_CONVERSION = YES;
				CLANG_WARN_NON_LITERAL_NULL_CONVERSION = YES;
				CLANG_WARN_OBJC_IMPLICIT_RETAIN_SELF = YES;
				CLANG_WARN_OBJC_LITERAL_CONVERSION = YES;
				CLANG_WARN_OBJC_ROOT_CLASS = YES_ERROR;
				CLANG_WARN_QUOTED_INCLUDE_IN_FRAMEWORK_HEADER = YES;
				CLANG_WARN_RANGE_LOOP_ANALYSIS = YES;
				CLANG_WARN_STRICT_PROTOTYPES = YES;
				CLANG_WARN_SUSPICIOUS_MOVE = YES;
				CLANG_WARN_UNGUARDED_AVAILABILITY = YES_AGGRESSIVE;
				CLANG_WARN_UNREACHABLE_CODE = YES;
				CLANG_WARN__DUPLICATE_METHOD_MATCH = YES;
				COPY_PHASE_STRIP = NO;
				DEBUG_INFORMATION_FORMAT = "dwarf-with-dsym";
				ENABLE_NS_ASSERTIONS = NO;
				ENABLE_STRICT_OBJC_MSGSEND = YES;
				ENABLE_USER_SCRIPT_SANDBOXING = YES;
				GCC_C_LANGUAGE_STANDARD = gnu17;
				GCC_NO_COMMON_BLOCKS = YES;
				GCC_WARN_64_TO_32_BIT_CONVERSION = YES;
				GCC_WARN_ABOUT_RETURN_TYPE = YES_ERROR;
				GCC_WARN_UNDECLARED_SELECTOR = YES;
				GCC_WARN_UNINITIALIZED_AUTOS = YES_AGGRESSIVE;
				GCC_WARN_UNUSED_FUNCTION = YES;
				GCC_WARN_UNUSED_VARIABLE = YES;
				IPHONEOS_DEPLOYMENT_TARGET = 17.5;
				LOCALIZATION_PREFERS_STRING_CATALOGS = YES;
				MTL_ENABLE_DEBUG_INFO = NO;
				MTL_FAST_MATH = YES;
				SDKROOT = iphoneos;
				SWIFT_COMPILATION_MODE = wholemodule;
				VALIDATE_PRODUCT = YES;
			};
			name = Release;
		};
		11EED8E02CA959360096CCA7 /* Debug */ = {
			isa = XCBuildConfiguration;
			buildSettings = {
				ASSETCATALOG_COMPILER_APPICON_NAME = AppIcon;
				ASSETCATALOG_COMPILER_GLOBAL_ACCENT_COLOR_NAME = AccentColor;
				CODE_SIGN_STYLE = Automatic;
				CURRENT_PROJECT_VERSION = 1;
				DEVELOPMENT_ASSET_PATHS = "";
				DEVELOPMENT_TEAM = WBC4T5V7CF;
				ENABLE_PREVIEWS = YES;
				GENERATE_INFOPLIST_FILE = YES;
				INFOPLIST_FILE = Yahtzee/Info.plist;
				INFOPLIST_KEY_UIApplicationSceneManifest_Generation = YES;
				INFOPLIST_KEY_UIApplicationSupportsIndirectInputEvents = YES;
				INFOPLIST_KEY_UILaunchScreen_Generation = YES;
				INFOPLIST_KEY_UILaunchStoryboardName = "Launch Screen";
				INFOPLIST_KEY_UISupportedInterfaceOrientations = UIInterfaceOrientationPortrait;
				INFOPLIST_KEY_UISupportedInterfaceOrientations_iPad = UIInterfaceOrientationPortrait;
				INFOPLIST_KEY_UISupportedInterfaceOrientations_iPhone = UIInterfaceOrientationPortrait;
				IPHONEOS_DEPLOYMENT_TARGET = 17.6;
				LD_RUNPATH_SEARCH_PATHS = (
					"$(inherited)",
					"@executable_path/Frameworks",
				);
				MARKETING_VERSION = 1.0;
				PRODUCT_BUNDLE_IDENTIFIER = "com.chiakuo-chen.Yahtzee";
				PRODUCT_NAME = "$(TARGET_NAME)";
				SWIFT_EMIT_LOC_STRINGS = YES;
				SWIFT_VERSION = 5.0;
				TARGETED_DEVICE_FAMILY = "1,2";
			};
			name = Debug;
		};
		11EED8E12CA959360096CCA7 /* Release */ = {
			isa = XCBuildConfiguration;
			buildSettings = {
				ASSETCATALOG_COMPILER_APPICON_NAME = AppIcon;
				ASSETCATALOG_COMPILER_GLOBAL_ACCENT_COLOR_NAME = AccentColor;
				CODE_SIGN_STYLE = Automatic;
				CURRENT_PROJECT_VERSION = 1;
				DEVELOPMENT_ASSET_PATHS = "";
				DEVELOPMENT_TEAM = WBC4T5V7CF;
				ENABLE_PREVIEWS = YES;
				GENERATE_INFOPLIST_FILE = YES;
				INFOPLIST_FILE = Yahtzee/Info.plist;
				INFOPLIST_KEY_UIApplicationSceneManifest_Generation = YES;
				INFOPLIST_KEY_UIApplicationSupportsIndirectInputEvents = YES;
				INFOPLIST_KEY_UILaunchScreen_Generation = YES;
				INFOPLIST_KEY_UILaunchStoryboardName = "Launch Screen";
				INFOPLIST_KEY_UISupportedInterfaceOrientations = UIInterfaceOrientationPortrait;
				INFOPLIST_KEY_UISupportedInterfaceOrientations_iPad = UIInterfaceOrientationPortrait;
				INFOPLIST_KEY_UISupportedInterfaceOrientations_iPhone = UIInterfaceOrientationPortrait;
				IPHONEOS_DEPLOYMENT_TARGET = 17.6;
				LD_RUNPATH_SEARCH_PATHS = (
					"$(inherited)",
					"@executable_path/Frameworks",
				);
				MARKETING_VERSION = 1.0;
				PRODUCT_BUNDLE_IDENTIFIER = "com.chiakuo-chen.Yahtzee";
				PRODUCT_NAME = "$(TARGET_NAME)";
				SWIFT_EMIT_LOC_STRINGS = YES;
				SWIFT_VERSION = 5.0;
				TARGETED_DEVICE_FAMILY = "1,2";
			};
			name = Release;
		};
/* End XCBuildConfiguration section */

/* Begin XCConfigurationList section */
		113006222E894E4300570563 /* Build configuration list for PBXNativeTarget "YahtzeeTests" */ = {
			isa = XCConfigurationList;
			buildConfigurations = (
				113006232E894E4300570563 /* Debug */,
				113006242E894E4300570563 /* Release */,
			);
			defaultConfigurationIsVisible = 0;
			defaultConfigurationName = Release;
		};
		11EED8CC2CA959350096CCA7 /* Build configuration list for PBXProject "Yahtzee" */ = {
			isa = XCConfigurationList;
			buildConfigurations = (
				11EED8DD2CA959360096CCA7 /* Debug */,
				11EED8DE2CA959360096CCA7 /* Release */,
			);
			defaultConfigurationIsVisible = 0;
			defaultConfigurationName = Release;
		};
		11EED8DF2CA959360096CCA7 /* Build configuration list for PBXNativeTarget "Yahtzee" */ = {
			isa = XCConfigurationList;
			buildConfigurations = (
				11EED8E02CA959360096CCA7 /* Debug */,
				11EED8E12CA959360096CCA7 /* Release */,
			);
			defaultConfigurationIsVisible = 0;
			defaultConfigurationName = Release;
		};
/* End XCConfigurationList section */

/* Begin XCRemoteSwiftPackageReference section */
		11A149402E8167EA00F9C2FA /* XCRemoteSwiftPackageReference "firebase-ios-sdk" */ = {
			isa = XCRemoteSwiftPackageReference;
			repositoryURL = "https://github.com/firebase/firebase-ios-sdk";
			requirement = {
				kind = upToNextMajorVersion;
				minimumVersion = 12.3.0;
			};
		};
		11CCF3382E49E73200613DFC /* XCRemoteSwiftPackageReference "Vortex" */ = {
			isa = XCRemoteSwiftPackageReference;
			repositoryURL = "https://github.com/twostraws/Vortex";
			requirement = {
				kind = upToNextMajorVersion;
				minimumVersion = 1.0.3;
			};
		};
/* End XCRemoteSwiftPackageReference section */

/* Begin XCSwiftPackageProductDependency section */
		11A149412E816AFD00F9C2FA /* FirebaseAuth */ = {
			isa = XCSwiftPackageProductDependency;
			package = 11A149402E8167EA00F9C2FA /* XCRemoteSwiftPackageReference "firebase-ios-sdk" */;
			productName = FirebaseAuth;
		};
		11A149432E816AFD00F9C2FA /* FirebaseCore */ = {
			isa = XCSwiftPackageProductDependency;
			package = 11A149402E8167EA00F9C2FA /* XCRemoteSwiftPackageReference "firebase-ios-sdk" */;
			productName = FirebaseCore;
		};
		11A149452E816AFD00F9C2FA /* FirebaseFirestore */ = {
			isa = XCSwiftPackageProductDependency;
			package = 11A149402E8167EA00F9C2FA /* XCRemoteSwiftPackageReference "firebase-ios-sdk" */;
			productName = FirebaseFirestore;
		};
		11CCF3392E49E73200613DFC /* Vortex */ = {
			isa = XCSwiftPackageProductDependency;
			package = 11CCF3382E49E73200613DFC /* XCRemoteSwiftPackageReference "Vortex" */;
			productName = Vortex;
		};
/* End XCSwiftPackageProductDependency section */

/* Begin XCVersionGroup section */
		11777A1A2E8D515B00FE0E07 /* Yahtzee.xcdatamodeld */ = {
			isa = XCVersionGroup;
			children = (
				11777A1B2E8D515B00FE0E07 /* Yahtzee.xcdatamodel */,
			);
			currentVersion = 11777A1B2E8D515B00FE0E07 /* Yahtzee.xcdatamodel */;
			path = Yahtzee.xcdatamodeld;
			sourceTree = "<group>";
			versionGroupType = wrapper.xcdatamodel;
		};
/* End XCVersionGroup section */
	};
	rootObject = 11EED8C92CA959350096CCA7 /* Project object */;
}
